
Microsoft Visual Studio Solution File, Format Version 12.00
# Visual Studio Version 17
VisualStudioVersion = 17.2.32314.265
MinimumVisualStudioVersion = 10.0.40219.1
Project("{9A19103F-16F7-4668-BE54-9A1E7A4F7556}") = "ExpressionEvaluator.Api", "ExpressionEvaluator.Api\ExpressionEvaluator.Api.csproj", "{62B0C671-BAD0-46A3-A4E0-8957C98A1E24}"
EndProject
Project("{9A19103F-16F7-4668-BE54-9A1E7A4F7556}") = "MathExpression.Library.Tests.Unit", "TestProject1\MathExpression.Library.Tests.Unit.csproj", "{BA32368F-A0ED-4207-8A18-FDFE5A8C1303}"
EndProject
Project("{9A19103F-16F7-4668-BE54-9A1E7A4F7556}") = "MathExpression.Library", "MathExpressionLibrary\MathExpression.Library.csproj", "{2A23B199-12DB-4F4A-B36C-7A8328D9CFEC}"
EndProject
Global
	GlobalSection(SolutionConfigurationPlatforms) = preSolution
		Debug|Any CPU = Debug|Any CPU
		Release|Any CPU = Release|Any CPU
	EndGlobalSection
	GlobalSection(ProjectConfigurationPlatforms) = postSolution
		{62B0C671-BAD0-46A3-A4E0-8957C98A1E24}.Debug|Any CPU.ActiveCfg = Debug|Any CPU
		{62B0C671-BAD0-46A3-A4E0-8957C98A1E24}.Debug|Any CPU.Build.0 = Debug|Any CPU
		{62B0C671-BAD0-46A3-A4E0-8957C98A1E24}.Release|Any CPU.ActiveCfg = Release|Any CPU
		{62B0C671-BAD0-46A3-A4E0-8957C98A1E24}.Release|Any CPU.Build.0 = Release|Any CPU
		{BA32368F-A0ED-4207-8A18-FDFE5A8C1303}.Debug|Any CPU.ActiveCfg = Debug|Any CPU
		{BA32368F-A0ED-4207-8A18-FDFE5A8C1303}.Debug|Any CPU.Build.0 = Debug|Any CPU
		{BA32368F-A0ED-4207-8A18-FDFE5A8C1303}.Release|Any CPU.ActiveCfg = Release|Any CPU
		{BA32368F-A0ED-4207-8A18-FDFE5A8C1303}.Release|Any CPU.Build.0 = Release|Any CPU
		{2A23B199-12DB-4F4A-B36C-7A8328D9CFEC}.Debug|Any CPU.ActiveCfg = Debug|Any CPU
		{2A23B199-12DB-4F4A-B36C-7A8328D9CFEC}.Debug|Any CPU.Build.0 = Debug|Any CPU
		{2A23B199-12DB-4F4A-B36C-7A8328D9CFEC}.Release|Any CPU.ActiveCfg = Release|Any CPU
		{2A23B199-12DB-4F4A-B36C-7A8328D9CFEC}.Release|Any CPU.Build.0 = Release|Any CPU
	EndGlobalSection
	GlobalSection(SolutionProperties) = preSolution
		HideSolutionNode = FALSE
	EndGlobalSection
	GlobalSection(ExtensibilityGlobals) = postSolution
		SolutionGuid = {079F5DF3-7CA9-456E-B52C-2916FB21F9FB}
	EndGlobalSection
EndGlobal
